
Microsoft Visual Studio Solution File, Format Version 12.00
# Visual Studio Version 16
VisualStudioVersion = 16.0.31402.337
MinimumVisualStudioVersion = 10.0.40219.1
Project("{2150E333-8FDC-42A3-9474-1A3956D46DE8}") = "src", "src", "{19B112DB-43FC-4AC5-80D4-572E6773C782}"
EndProject
Project("{2150E333-8FDC-42A3-9474-1A3956D46DE8}") = "Building Blocks", "Building Blocks", "{B4CA9404-36EF-41AD-87EB-3676862BB2EC}"
EndProject
Project("{2150E333-8FDC-42A3-9474-1A3956D46DE8}") = "Services", "Services", "{4C7E0ABD-0DDE-4C07-AED8-966A68A3FEBD}"
EndProject
Project("{2150E333-8FDC-42A3-9474-1A3956D46DE8}") = "Web", "Web", "{F671EA64-C611-4F12-8B17-30997CBDF7C9}"
EndProject
Project("{2150E333-8FDC-42A3-9474-1A3956D46DE8}") = "Identidade", "Identidade", "{CEC9F44D-AFA8-4385-99D2-5C24BA2844A3}"
EndProject
Project("{9A19103F-16F7-4668-BE54-9A1E7A4F7556}") = "NSE.Identidade.API", "src\services\NSE.Identidade.API\NSE.Identidade.API.csproj", "{981B543F-2D28-4513-8AA3-0680560EC8EA}"
EndProject
Project("{2150E333-8FDC-42A3-9474-1A3956D46DE8}") = "MVC", "MVC", "{FC55E556-EFE3-46C3-8853-EF275AEEF470}"
EndProject
Project("{9A19103F-16F7-4668-BE54-9A1E7A4F7556}") = "NSE.WebApp.MVC", "src\web\NSE.WebApp.MVC\NSE.WebApp.MVC.csproj", "{5C62AE5E-5187-4601-A96C-7CF83A4A948B}"
EndProject
Project("{2150E333-8FDC-42A3-9474-1A3956D46DE8}") = "Core", "Core", "{79DF7E8D-940D-4612-8617-B933B356B04A}"
EndProject
Project("{9A19103F-16F7-4668-BE54-9A1E7A4F7556}") = "NSE.Core", "src\building blocks\NSE.Core\NSE.Core.csproj", "{7AE616F9-5A8B-4A2B-A7F6-33B1E9E1C62F}"
EndProject
Project("{2150E333-8FDC-42A3-9474-1A3956D46DE8}") = "Carrinho", "Carrinho", "{E822D111-7419-4E24-8692-1509F7EE638C}"
EndProject
Project("{9A19103F-16F7-4668-BE54-9A1E7A4F7556}") = "NSE.Carrinho.API", "src\services\NSE.Carrinho.API\NSE.Carrinho.API.csproj", "{D95C0070-8213-4555-A25A-E0F653675631}"
EndProject
Project("{2150E333-8FDC-42A3-9474-1A3956D46DE8}") = "Catalogo", "Catalogo", "{51288D44-4132-46C9-8508-438E9B19FF89}"
EndProject
Project("{9A19103F-16F7-4668-BE54-9A1E7A4F7556}") = "NSE.Catalogo.API", "src\services\NSE.Catalogo.API\NSE.Catalogo.API.csproj", "{F6D88DDA-538A-4C2B-9691-45E19A3808E6}"
EndProject
Project("{2150E333-8FDC-42A3-9474-1A3956D46DE8}") = "Cliente", "Cliente", "{580E226E-0E7B-4AE6-8CAE-9B77A9AAC4FB}"
EndProject
Project("{9A19103F-16F7-4668-BE54-9A1E7A4F7556}") = "NSE.Cliente.API", "src\services\NSE.Cliente.API\NSE.Cliente.API.csproj", "{99720AB5-BF4B-4080-8CB9-A0FF6C9837AF}"
EndProject
Project("{2150E333-8FDC-42A3-9474-1A3956D46DE8}") = "Pagamento", "Pagamento", "{34B9E277-282D-4B36-8809-AA3E5011EDA4}"
EndProject
Project("{9A19103F-16F7-4668-BE54-9A1E7A4F7556}") = "NSE.Pagamento.API", "src\services\NSE.Pagamento.API\NSE.Pagamento.API.csproj", "{A563F144-D08E-4788-9FA8-223800CFD038}"
EndProject
Project("{2150E333-8FDC-42A3-9474-1A3956D46DE8}") = "Pedido", "Pedido", "{60991A09-6611-4051-9DEF-1C7988A8108B}"
EndProject
Project("{9A19103F-16F7-4668-BE54-9A1E7A4F7556}") = "NSE.Pedido.API", "src\services\NSE.Pedido.API\NSE.Pedido.API.csproj", "{30AF9528-C57A-4FE9-A19F-093F8F67CCA2}"
EndProject
Global
	GlobalSection(SolutionConfigurationPlatforms) = preSolution
		Debug|Any CPU = Debug|Any CPU
		Release|Any CPU = Release|Any CPU
	EndGlobalSection
	GlobalSection(ProjectConfigurationPlatforms) = postSolution
		{981B543F-2D28-4513-8AA3-0680560EC8EA}.Debug|Any CPU.ActiveCfg = Debug|Any CPU
		{981B543F-2D28-4513-8AA3-0680560EC8EA}.Debug|Any CPU.Build.0 = Debug|Any CPU
		{981B543F-2D28-4513-8AA3-0680560EC8EA}.Release|Any CPU.ActiveCfg = Release|Any CPU
		{981B543F-2D28-4513-8AA3-0680560EC8EA}.Release|Any CPU.Build.0 = Release|Any CPU
		{5C62AE5E-5187-4601-A96C-7CF83A4A948B}.Debug|Any CPU.ActiveCfg = Debug|Any CPU
		{5C62AE5E-5187-4601-A96C-7CF83A4A948B}.Debug|Any CPU.Build.0 = Debug|Any CPU
		{5C62AE5E-5187-4601-A96C-7CF83A4A948B}.Release|Any CPU.ActiveCfg = Release|Any CPU
		{5C62AE5E-5187-4601-A96C-7CF83A4A948B}.Release|Any CPU.Build.0 = Release|Any CPU
		{7AE616F9-5A8B-4A2B-A7F6-33B1E9E1C62F}.Debug|Any CPU.ActiveCfg = Debug|Any CPU
		{7AE616F9-5A8B-4A2B-A7F6-33B1E9E1C62F}.Debug|Any CPU.Build.0 = Debug|Any CPU
		{7AE616F9-5A8B-4A2B-A7F6-33B1E9E1C62F}.Release|Any CPU.ActiveCfg = Release|Any CPU
		{7AE616F9-5A8B-4A2B-A7F6-33B1E9E1C62F}.Release|Any CPU.Build.0 = Release|Any CPU
		{D95C0070-8213-4555-A25A-E0F653675631}.Debug|Any CPU.ActiveCfg = Debug|Any CPU
		{D95C0070-8213-4555-A25A-E0F653675631}.Debug|Any CPU.Build.0 = Debug|Any CPU
		{D95C0070-8213-4555-A25A-E0F653675631}.Release|Any CPU.ActiveCfg = Release|Any CPU
		{D95C0070-8213-4555-A25A-E0F653675631}.Release|Any CPU.Build.0 = Release|Any CPU
		{F6D88DDA-538A-4C2B-9691-45E19A3808E6}.Debug|Any CPU.ActiveCfg = Debug|Any CPU
		{F6D88DDA-538A-4C2B-9691-45E19A3808E6}.Debug|Any CPU.Build.0 = Debug|Any CPU
		{F6D88DDA-538A-4C2B-9691-45E19A3808E6}.Release|Any CPU.ActiveCfg = Release|Any CPU
		{F6D88DDA-538A-4C2B-9691-45E19A3808E6}.Release|Any CPU.Build.0 = Release|Any CPU
		{99720AB5-BF4B-4080-8CB9-A0FF6C9837AF}.Debug|Any CPU.ActiveCfg = Debug|Any CPU
		{99720AB5-BF4B-4080-8CB9-A0FF6C9837AF}.Debug|Any CPU.Build.0 = Debug|Any CPU
		{99720AB5-BF4B-4080-8CB9-A0FF6C9837AF}.Release|Any CPU.ActiveCfg = Release|Any CPU
		{99720AB5-BF4B-4080-8CB9-A0FF6C9837AF}.Release|Any CPU.Build.0 = Release|Any CPU
		{A563F144-D08E-4788-9FA8-223800CFD038}.Debug|Any CPU.ActiveCfg = Debug|Any CPU
		{A563F144-D08E-4788-9FA8-223800CFD038}.Debug|Any CPU.Build.0 = Debug|Any CPU
		{A563F144-D08E-4788-9FA8-223800CFD038}.Release|Any CPU.ActiveCfg = Release|Any CPU
		{A563F144-D08E-4788-9FA8-223800CFD038}.Release|Any CPU.Build.0 = Release|Any CPU
		{30AF9528-C57A-4FE9-A19F-093F8F67CCA2}.Debug|Any CPU.ActiveCfg = Debug|Any CPU
		{30AF9528-C57A-4FE9-A19F-093F8F67CCA2}.Debug|Any CPU.Build.0 = Debug|Any CPU
		{30AF9528-C57A-4FE9-A19F-093F8F67CCA2}.Release|Any CPU.ActiveCfg = Release|Any CPU
		{30AF9528-C57A-4FE9-A19F-093F8F67CCA2}.Release|Any CPU.Build.0 = Release|Any CPU
	EndGlobalSection
	GlobalSection(SolutionProperties) = preSolution
		HideSolutionNode = FALSE
	EndGlobalSection
	GlobalSection(NestedProjects) = preSolution
		{B4CA9404-36EF-41AD-87EB-3676862BB2EC} = {19B112DB-43FC-4AC5-80D4-572E6773C782}
		{4C7E0ABD-0DDE-4C07-AED8-966A68A3FEBD} = {19B112DB-43FC-4AC5-80D4-572E6773C782}
		{F671EA64-C611-4F12-8B17-30997CBDF7C9} = {19B112DB-43FC-4AC5-80D4-572E6773C782}
		{CEC9F44D-AFA8-4385-99D2-5C24BA2844A3} = {4C7E0ABD-0DDE-4C07-AED8-966A68A3FEBD}
		{981B543F-2D28-4513-8AA3-0680560EC8EA} = {CEC9F44D-AFA8-4385-99D2-5C24BA2844A3}
		{FC55E556-EFE3-46C3-8853-EF275AEEF470} = {F671EA64-C611-4F12-8B17-30997CBDF7C9}
		{5C62AE5E-5187-4601-A96C-7CF83A4A948B} = {FC55E556-EFE3-46C3-8853-EF275AEEF470}
		{79DF7E8D-940D-4612-8617-B933B356B04A} = {B4CA9404-36EF-41AD-87EB-3676862BB2EC}
		{7AE616F9-5A8B-4A2B-A7F6-33B1E9E1C62F} = {79DF7E8D-940D-4612-8617-B933B356B04A}
		{E822D111-7419-4E24-8692-1509F7EE638C} = {4C7E0ABD-0DDE-4C07-AED8-966A68A3FEBD}
		{D95C0070-8213-4555-A25A-E0F653675631} = {E822D111-7419-4E24-8692-1509F7EE638C}
		{51288D44-4132-46C9-8508-438E9B19FF89} = {4C7E0ABD-0DDE-4C07-AED8-966A68A3FEBD}
		{F6D88DDA-538A-4C2B-9691-45E19A3808E6} = {51288D44-4132-46C9-8508-438E9B19FF89}
		{580E226E-0E7B-4AE6-8CAE-9B77A9AAC4FB} = {4C7E0ABD-0DDE-4C07-AED8-966A68A3FEBD}
		{99720AB5-BF4B-4080-8CB9-A0FF6C9837AF} = {580E226E-0E7B-4AE6-8CAE-9B77A9AAC4FB}
		{34B9E277-282D-4B36-8809-AA3E5011EDA4} = {4C7E0ABD-0DDE-4C07-AED8-966A68A3FEBD}
		{A563F144-D08E-4788-9FA8-223800CFD038} = {34B9E277-282D-4B36-8809-AA3E5011EDA4}
		{60991A09-6611-4051-9DEF-1C7988A8108B} = {4C7E0ABD-0DDE-4C07-AED8-966A68A3FEBD}
		{30AF9528-C57A-4FE9-A19F-093F8F67CCA2} = {60991A09-6611-4051-9DEF-1C7988A8108B}
	EndGlobalSection
	GlobalSection(ExtensibilityGlobals) = postSolution
		SolutionGuid = {0C807150-AEDE-4D23-9B8C-C72A448AA605}
	EndGlobalSection
EndGlobal
